
Microsoft Visual Studio Solution File, Format Version 12.00
# Visual Studio Version 17
VisualStudioVersion = 17.14.36202.13 d17.14
MinimumVisualStudioVersion = 10.0.40219.1
Project("{FAE04EC0-301F-11D3-BF4B-00C04F79EFBC}") = "WindowsForms", "WindowsForms\WindowsForms.csproj", "{7593A52E-FE41-4A0A-9CA7-7A8151BEC5C8}"
EndProject
Global
	GlobalSection(SolutionConfigurationPlatforms) = preSolution
		Debug|Any CPU = Debug|Any CPU
		Release|Any CPU = Release|Any CPU
	EndGlobalSection
	GlobalSection(ProjectConfigurationPlatforms) = postSolution
		{7593A52E-FE41-4A0A-9CA7-7A8151BEC5C8}.Debug|Any CPU.ActiveCfg = Debug|Any CPU
		{7593A52E-FE41-4A0A-9CA7-7A8151BEC5C8}.Debug|Any CPU.Build.0 = Debug|Any CPU
		{7593A52E-FE41-4A0A-9CA7-7A8151BEC5C8}.Release|Any CPU.ActiveCfg = Release|Any CPU
		{7593A52E-FE41-4A0A-9CA7-7A8151BEC5C8}.Release|Any CPU.Build.0 = Release|Any CPU
	EndGlobalSection
	GlobalSection(SolutionProperties) = preSolution
		HideSolutionNode = FALSE
	EndGlobalSection
	GlobalSection(ExtensibilityGlobals) = postSolution
		SolutionGuid = {D6078F51-6681-4B09-9BA1-C339FFACDCDE}
	EndGlobalSection
EndGlobal
